
Microsoft Visual Studio Solution File, Format Version 12.00
# Visual Studio Version 17
VisualStudioVersion = 17.4.33110.190
MinimumVisualStudioVersion = 10.0.40219.1
Project("{FAE04EC0-301F-11D3-BF4B-00C04F79EFBC}") = "ConsoleAppTips.Net7", "ConsoleAppTips.Net7\ConsoleAppTips.Net7.csproj", "{D7A7D204-59A2-472A-B0EE-31A7544A1DAA}"
EndProject
Global
	GlobalSection(SolutionConfigurationPlatforms) = preSolution
		Debug|Any CPU = Debug|Any CPU
		Release|Any CPU = Release|Any CPU
	EndGlobalSection
	GlobalSection(ProjectConfigurationPlatforms) = postSolution
		{D7A7D204-59A2-472A-B0EE-31A7544A1DAA}.Debug|Any CPU.ActiveCfg = Debug|Any CPU
		{D7A7D204-59A2-472A-B0EE-31A7544A1DAA}.Debug|Any CPU.Build.0 = Debug|Any CPU
		{D7A7D204-59A2-472A-B0EE-31A7544A1DAA}.Release|Any CPU.ActiveCfg = Release|Any CPU
		{D7A7D204-59A2-472A-B0EE-31A7544A1DAA}.Release|Any CPU.Build.0 = Release|Any CPU
	EndGlobalSection
	GlobalSection(SolutionProperties) = preSolution
		HideSolutionNode = FALSE
	EndGlobalSection
	GlobalSection(ExtensibilityGlobals) = postSolution
		SolutionGuid = {4C48BBA1-4BFF-4DE3-925B-605E5F300AF8}
	EndGlobalSection
EndGlobal
