
Microsoft Visual Studio Solution File, Format Version 12.00
# Visual Studio Version 17
VisualStudioVersion = 17.0.31611.283
MinimumVisualStudioVersion = 10.0.40219.1
Project("{9A19103F-16F7-4668-BE54-9A1E7A4F7556}") = "MauiAppSample.AuthSample", "MauiAppSample.AuthSample\MauiAppSample.AuthSample.csproj", "{2F591233-835E-47EE-89E7-826BE263E9A9}"
EndProject
Project("{9A19103F-16F7-4668-BE54-9A1E7A4F7556}") = "MauiAppSample.DiSample", "MauiAppSample.DiSample\MauiAppSample.DiSample.csproj", "{91499D74-7C58-42F9-A53C-114A81417950}"
EndProject
Project("{FAE04EC0-301F-11D3-BF4B-00C04F79EFBC}") = "MauiAppSample.SandBoxApp", "MauiAppSample.SandBoxApp\MauiAppSample.SandBoxApp.csproj", "{234433F5-2155-4005-A2E2-E0ACF7D754BC}"
EndProject
Global
	GlobalSection(SolutionConfigurationPlatforms) = preSolution
		Debug|Any CPU = Debug|Any CPU
		Release|Any CPU = Release|Any CPU
	EndGlobalSection
	GlobalSection(ProjectConfigurationPlatforms) = postSolution
		{2F591233-835E-47EE-89E7-826BE263E9A9}.Debug|Any CPU.ActiveCfg = Debug|Any CPU
		{2F591233-835E-47EE-89E7-826BE263E9A9}.Debug|Any CPU.Build.0 = Debug|Any CPU
		{2F591233-835E-47EE-89E7-826BE263E9A9}.Debug|Any CPU.Deploy.0 = Debug|Any CPU
		{2F591233-835E-47EE-89E7-826BE263E9A9}.Release|Any CPU.ActiveCfg = Release|Any CPU
		{2F591233-835E-47EE-89E7-826BE263E9A9}.Release|Any CPU.Build.0 = Release|Any CPU
		{2F591233-835E-47EE-89E7-826BE263E9A9}.Release|Any CPU.Deploy.0 = Release|Any CPU
		{91499D74-7C58-42F9-A53C-114A81417950}.Debug|Any CPU.ActiveCfg = Debug|Any CPU
		{91499D74-7C58-42F9-A53C-114A81417950}.Debug|Any CPU.Build.0 = Debug|Any CPU
		{91499D74-7C58-42F9-A53C-114A81417950}.Debug|Any CPU.Deploy.0 = Debug|Any CPU
		{91499D74-7C58-42F9-A53C-114A81417950}.Release|Any CPU.ActiveCfg = Release|Any CPU
		{91499D74-7C58-42F9-A53C-114A81417950}.Release|Any CPU.Build.0 = Release|Any CPU
		{91499D74-7C58-42F9-A53C-114A81417950}.Release|Any CPU.Deploy.0 = Release|Any CPU
		{234433F5-2155-4005-A2E2-E0ACF7D754BC}.Debug|Any CPU.ActiveCfg = Debug|Any CPU
		{234433F5-2155-4005-A2E2-E0ACF7D754BC}.Debug|Any CPU.Build.0 = Debug|Any CPU
		{234433F5-2155-4005-A2E2-E0ACF7D754BC}.Debug|Any CPU.Deploy.0 = Debug|Any CPU
		{234433F5-2155-4005-A2E2-E0ACF7D754BC}.Release|Any CPU.ActiveCfg = Release|Any CPU
		{234433F5-2155-4005-A2E2-E0ACF7D754BC}.Release|Any CPU.Build.0 = Release|Any CPU
		{234433F5-2155-4005-A2E2-E0ACF7D754BC}.Release|Any CPU.Deploy.0 = Release|Any CPU
	EndGlobalSection
	GlobalSection(SolutionProperties) = preSolution
		HideSolutionNode = FALSE
	EndGlobalSection
	GlobalSection(ExtensibilityGlobals) = postSolution
		SolutionGuid = {61F7FB11-1E47-470C-91E2-47F8143E1572}
	EndGlobalSection
EndGlobal
