
Microsoft Visual Studio Solution File, Format Version 12.00
# Visual Studio Version 17
VisualStudioVersion = 17.4.33110.190
MinimumVisualStudioVersion = 10.0.40219.1
Project("{9A19103F-16F7-4668-BE54-9A1E7A4F7556}") = "BlazorMsLearn.BlazorServerSample", "BlazorMsLearn.BlazorServerSample\BlazorMsLearn.BlazorServerSample.csproj", "{0449144A-5E5C-4471-91C9-BC6C61515808}"
EndProject
Project("{FAE04EC0-301F-11D3-BF4B-00C04F79EFBC}") = "BlazorMsLearn.BlazingPizzaSite", "BlazorMsLearn.BlazingPizzaSite\BlazorMsLearn.BlazingPizzaSite.csproj", "{1A6297FF-F490-4244-861B-D4BCACEC5C3D}"
EndProject
Global
	GlobalSection(SolutionConfigurationPlatforms) = preSolution
		Debug|Any CPU = Debug|Any CPU
		Release|Any CPU = Release|Any CPU
	EndGlobalSection
	GlobalSection(ProjectConfigurationPlatforms) = postSolution
		{0449144A-5E5C-4471-91C9-BC6C61515808}.Debug|Any CPU.ActiveCfg = Debug|Any CPU
		{0449144A-5E5C-4471-91C9-BC6C61515808}.Debug|Any CPU.Build.0 = Debug|Any CPU
		{0449144A-5E5C-4471-91C9-BC6C61515808}.Release|Any CPU.ActiveCfg = Release|Any CPU
		{0449144A-5E5C-4471-91C9-BC6C61515808}.Release|Any CPU.Build.0 = Release|Any CPU
		{1A6297FF-F490-4244-861B-D4BCACEC5C3D}.Debug|Any CPU.ActiveCfg = Debug|Any CPU
		{1A6297FF-F490-4244-861B-D4BCACEC5C3D}.Debug|Any CPU.Build.0 = Debug|Any CPU
		{1A6297FF-F490-4244-861B-D4BCACEC5C3D}.Release|Any CPU.ActiveCfg = Release|Any CPU
		{1A6297FF-F490-4244-861B-D4BCACEC5C3D}.Release|Any CPU.Build.0 = Release|Any CPU
	EndGlobalSection
	GlobalSection(SolutionProperties) = preSolution
		HideSolutionNode = FALSE
	EndGlobalSection
	GlobalSection(ExtensibilityGlobals) = postSolution
		SolutionGuid = {90221808-9009-44FC-841E-941B9E614428}
	EndGlobalSection
EndGlobal
